# THIS IS AN AUTOGENERATED FILE. DO NOT EDIT THIS FILE DIRECTLY.
# yarn lockfile v1


"@babel/runtime@^7.0.0", "@babel/runtime@^7.21.0":
  version "7.23.6"
  resolved "https://registry.npmjs.org/@babel/runtime/-/runtime-7.23.6.tgz"
  integrity sha512-zHd0eUrf5GZoOWVCXp6koAKQTfZV07eit6bGPmJgnZdnSAvvZee6zniW2XMF7Cmc4ISOOnPy3QaSiIJGJkVEDQ==
  dependencies:
    regenerator-runtime "^0.14.0"

"@dnd-kit/accessibility@^3.1.0":
  version "3.1.0"
  resolved "https://registry.npmjs.org/@dnd-kit/accessibility/-/accessibility-3.1.0.tgz"
  integrity sha512-ea7IkhKvlJUv9iSHJOnxinBcoOI3ppGnnL+VDJ75O45Nss6HtZd8IdN8touXPDtASfeI2T2LImb8VOZcL47wjQ==
  dependencies:
    tslib "^2.0.0"

"@dnd-kit/core@^6.0.7", "@dnd-kit/core@^6.0.8":
  version "6.1.0"
  resolved "https://registry.npmjs.org/@dnd-kit/core/-/core-6.1.0.tgz"
  integrity sha512-J3cQBClB4TVxwGo3KEjssGEXNJqGVWx17aRTZ1ob0FliR5IjYgTxl5YJbKTzA6IzrtelotH19v6y7uoIRUZPSg==
  dependencies:
    "@dnd-kit/accessibility" "^3.1.0"
    "@dnd-kit/utilities" "^3.2.2"
    tslib "^2.0.0"

"@dnd-kit/sortable@^7.0.2":
  version "7.0.2"
  resolved "https://registry.npmjs.org/@dnd-kit/sortable/-/sortable-7.0.2.tgz"
  integrity sha512-wDkBHHf9iCi1veM834Gbk1429bd4lHX4RpAwT0y2cHLf246GAvU2sVw/oxWNpPKQNQRQaeGXhAVgrOl1IT+iyA==
  dependencies:
    "@dnd-kit/utilities" "^3.2.0"
    tslib "^2.0.0"

"@dnd-kit/utilities@^3.2.0", "@dnd-kit/utilities@^3.2.1", "@dnd-kit/utilities@^3.2.2":
  version "3.2.2"
  resolved "https://registry.npmjs.org/@dnd-kit/utilities/-/utilities-3.2.2.tgz"
  integrity sha512-+MKAJEOfaBe5SmV6t34p80MMKhjvUz0vRrvVJbPT0WElzaOJ/1xs+D+KDv+tD/NE5ujfrChEcshd4fLn0wpiqg==
  dependencies:
    tslib "^2.0.0"

"@douyinfe/semi-animation-react@2.49.1":
  version "2.49.1"
  resolved "https://registry.npmjs.org/@douyinfe/semi-animation-react/-/semi-animation-react-2.49.1.tgz"
  integrity sha512-JTXgM3oRJpwhLDBlADf2/fClY73nE5/Ao701Z8bTOzH91PINbvgsD6cdZdZ4JRwd+XCSf6wXSGzaHen73r2gKg==
  dependencies:
    "@douyinfe/semi-animation" "2.49.1"
    "@douyinfe/semi-animation-styled" "2.49.1"
    classnames "^2.2.6"

"@douyinfe/semi-animation-styled@2.49.1":
  version "2.49.1"
  resolved "https://registry.npmjs.org/@douyinfe/semi-animation-styled/-/semi-animation-styled-2.49.1.tgz"
  integrity sha512-cbGmEgibydvFCYvU8PqBrW2Jsft7j5T0iVZ/Yl95oPQpni8TevOuIzxAxiuSF5iLfeHKRNx0goIdRTzolH6kLA==

"@douyinfe/semi-animation@2.49.1":
  version "2.49.1"
  resolved "https://registry.npmjs.org/@douyinfe/semi-animation/-/semi-animation-2.49.1.tgz"
  integrity sha512-sC/J7J5+Yd5y8CLWqD76wkjni9pjYOVBymvAZRrY7vd5kUQmOiNvFWK4ewEFxm4Pk2rdPRLQKGiPfkfHAej0dQ==
  dependencies:
    bezier-easing "^2.1.0"

"@douyinfe/semi-extra-foundation@file:../semi-extra-foundation":
  version "2.0.0"
  resolved "file:../semi-extra-foundation"
  dependencies:
    "@douyinfe/semi-ui" latest
    lodash "^4.17.21"
    uuid "^9.0.1"

"@douyinfe/semi-foundation@2.49.1":
  version "2.49.1"
  resolved "https://registry.npmjs.org/@douyinfe/semi-foundation/-/semi-foundation-2.49.1.tgz"
  integrity sha512-pifLEWOhmv3/XYscmPPLMaUcvRaG+lZPVMD6uOXFhUrD+HUBs7yfIMLfXyJ6Af7Kcl5ecqOgO9NNTyRR+pnxuQ==
  dependencies:
    "@douyinfe/semi-animation" "2.49.1"
    async-validator "^3.5.0"
    classnames "^2.2.6"
    date-fns "^2.29.3"
    date-fns-tz "^1.3.8"
    lodash "^4.17.21"
    memoize-one "^5.2.1"
    scroll-into-view-if-needed "^2.2.24"

"@douyinfe/semi-icons@2.49.1":
  version "2.49.1"
  resolved "https://registry.npmjs.org/@douyinfe/semi-icons/-/semi-icons-2.49.1.tgz"
  integrity sha512-d2YdR0Z3pqygWNdGB7M97cqi0dec+mWHcLL2C4Yd9I0VJCPWnNd88dWVPTNPU2GCx9hEA8qL9aFawUR24s5p1Q==
  dependencies:
    classnames "^2.2.6"

"@douyinfe/semi-illustrations@2.49.1":
  version "2.49.1"
  resolved "https://registry.npmjs.org/@douyinfe/semi-illustrations/-/semi-illustrations-2.49.1.tgz"
  integrity sha512-zJ71DrsGNvTpQwv2itQe7SkMyBMmWvlTGYoAUD4mDVaxAVPlUGgl3Fc5zVG9BHXIizHrb3Fi5PVFC5g/dFXn0A==

"@douyinfe/semi-theme-default@2.49.1":
  version "2.49.1"
  resolved "https://registry.npmjs.org/@douyinfe/semi-theme-default/-/semi-theme-default-2.49.1.tgz"
  integrity sha512-Wmb6W9rAjVzLemRHEdQAgO2m0002SBsc7edA6lb7tgoDNs2IofD/OrPmNyFV8PbDrVQxXlJrkNgpS3rzruk7+w==
  dependencies:
    glob "^7.1.6"

"@douyinfe/semi-ui@^2.49.1":
  version "2.49.1"
  resolved "https://registry.npmjs.org/@douyinfe/semi-ui/-/semi-ui-2.49.1.tgz"
  integrity sha512-4oqyAyezrdKNpFSJWCQChcRQj8pApZfHuTTILoVO0SEMAOrygvsf2Zd0LzHnO6H9oTC7tV3eny0d4E4BYz6kLw==
  dependencies:
    "@dnd-kit/core" "^6.0.8"
    "@dnd-kit/sortable" "^7.0.2"
    "@dnd-kit/utilities" "^3.2.1"
    "@douyinfe/semi-animation" "2.49.1"
    "@douyinfe/semi-animation-react" "2.49.1"
    "@douyinfe/semi-foundation" "2.49.1"
    "@douyinfe/semi-icons" "2.49.1"
    "@douyinfe/semi-illustrations" "2.49.1"
    "@douyinfe/semi-theme-default" "2.49.1"
    async-validator "^3.5.0"
    classnames "^2.2.6"
    copy-text-to-clipboard "^2.1.1"
    date-fns "^2.29.3"
    date-fns-tz "^1.3.8"
    lodash "^4.17.21"
    prop-types "^15.7.2"
    react-resizable "^3.0.5"
    react-window "^1.8.2"
    resize-observer-polyfill "^1.5.1"
    scroll-into-view-if-needed "^2.2.24"
    utility-types "^3.10.0"

async-validator@^3.5.0:
  version "3.5.2"
  resolved "https://registry.npmjs.org/async-validator/-/async-validator-3.5.2.tgz"
  integrity sha512-8eLCg00W9pIRZSB781UUX/H6Oskmm8xloZfr09lz5bikRpBVDlJ3hRVuxxP1SxcwsEYfJ4IU8Q19Y8/893r3rQ==

balanced-match@^1.0.0:
  version "1.0.2"
  resolved "https://registry.npmjs.org/balanced-match/-/balanced-match-1.0.2.tgz"
  integrity sha512-3oSeUO0TMV67hN1AmbXsK4yaqU7tjiHlbxRDZOpH0KW9+CeX4bRAaX0Anxt0tx2MrpRpWwQaPwIlISEJhYU5Pw==

bezier-easing@^2.1.0:
  version "2.1.0"
  resolved "https://registry.npmjs.org/bezier-easing/-/bezier-easing-2.1.0.tgz"
  integrity sha512-gbIqZ/eslnUFC1tjEvtz0sgx+xTK20wDnYMIA27VA04R7w6xxXQPZDbibjA9DTWZRA2CXtwHykkVzlCaAJAZig==

brace-expansion@^1.1.7:
  version "1.1.11"
  resolved "https://registry.npmjs.org/brace-expansion/-/brace-expansion-1.1.11.tgz"
  integrity sha512-iCuPHDFgrHX7H2vEI/5xpz07zSHB00TpugqhmYtVmMO6518mCuRMoOYFldEBl0g187ufozdaHgWKcYFb61qGiA==
  dependencies:
    balanced-match "^1.0.0"
    concat-map "0.0.1"

classnames@^2.2.6:
  version "2.3.2"
  resolved "https://registry.npmjs.org/classnames/-/classnames-2.3.2.tgz"
  integrity sha512-CSbhY4cFEJRe6/GQzIk5qXZ4Jeg5pcsP7b5peFSDpffpe1cqjASH/n9UTjBwOp6XpMSTwQ8Za2K5V02ueA7Tmw==

clsx@^1.1.1:
  version "1.2.1"
  resolved "https://registry.npmjs.org/clsx/-/clsx-1.2.1.tgz"
  integrity sha512-EcR6r5a8bj6pu3ycsa/E/cKVGuTgZJZdsyUYHOksG/UHIiKfjxzRxYJpyVBwYaQeOvghal9fcc4PidlgzugAQg==

compute-scroll-into-view@^1.0.20:
  version "1.0.20"
  resolved "https://registry.npmjs.org/compute-scroll-into-view/-/compute-scroll-into-view-1.0.20.tgz"
  integrity sha512-UCB0ioiyj8CRjtrvaceBLqqhZCVP+1B8+NWQhmdsm0VXOJtobBCf1dBQmebCCo34qZmUwZfIH2MZLqNHazrfjg==

concat-map@0.0.1:
  version "0.0.1"
  resolved "https://registry.npmjs.org/concat-map/-/concat-map-0.0.1.tgz"
  integrity sha512-/Srv4dswyQNBfohGpz9o6Yb3Gz3SrUDqBH5rTuhGR7ahtlbYKnVxw2bCFMRljaA7EXHaXZ8wsHdodFvbkhKmqg==

copy-text-to-clipboard@^2.1.1:
  version "2.2.0"
  resolved "https://registry.npmjs.org/copy-text-to-clipboard/-/copy-text-to-clipboard-2.2.0.tgz"
  integrity sha512-WRvoIdnTs1rgPMkgA2pUOa/M4Enh2uzCwdKsOMYNAJiz/4ZvEJgmbF4OmninPmlFdAWisfeh0tH+Cpf7ni3RqQ==

date-fns-tz@^1.3.8:
  version "1.3.8"
  resolved "https://registry.npmjs.org/date-fns-tz/-/date-fns-tz-1.3.8.tgz"
  integrity sha512-qwNXUFtMHTTU6CFSFjoJ80W8Fzzp24LntbjFFBgL/faqds4e5mo9mftoRLgr3Vi1trISsg4awSpYVsOQCRnapQ==

date-fns@^2.29.3, date-fns@>=2.0.0:
  version "2.30.0"
  resolved "https://registry.npmjs.org/date-fns/-/date-fns-2.30.0.tgz"
  integrity sha512-fnULvOpxnC5/Vg3NCiWelDsLiUc9bRwAPs/+LfTLNvetFCtCTN+yQz15C/fs4AwX1R9K5GLtLfn8QW+dWisaAw==
  dependencies:
    "@babel/runtime" "^7.21.0"

fs.realpath@^1.0.0:
  version "1.0.0"
  resolved "https://registry.npmjs.org/fs.realpath/-/fs.realpath-1.0.0.tgz"
  integrity sha512-OO0pH2lK6a0hZnAdau5ItzHPI6pUlvI7jMVnxUQRtw4owF2wk8lOSabtGDCTP4Ggrg2MbGnWO9X8K1t4+fGMDw==

glob@^7.1.6:
  version "7.2.3"
  resolved "https://registry.npmjs.org/glob/-/glob-7.2.3.tgz"
  integrity sha512-nFR0zLpU2YCaRxwoCJvL6UvCH2JFyFVIvwTLsIf21AuHlMskA1hhTdk+LlYJtOlYt9v6dvszD2BGRqBL+iQK9Q==
  dependencies:
    fs.realpath "^1.0.0"
    inflight "^1.0.4"
    inherits "2"
    minimatch "^3.1.1"
    once "^1.3.0"
    path-is-absolute "^1.0.0"

inflight@^1.0.4:
  version "1.0.6"
  resolved "https://registry.npmjs.org/inflight/-/inflight-1.0.6.tgz"
  integrity sha512-k92I/b08q4wvFscXCLvqfsHCrjrF7yiXsQuIVvVE7N82W3+aqpzuUdBbfhWcy/FZR3/4IgflMgKLOsvPDrGCJA==
  dependencies:
    once "^1.3.0"
    wrappy "1"

inherits@2:
  version "2.0.4"
  resolved "https://registry.npmjs.org/inherits/-/inherits-2.0.4.tgz"
  integrity sha512-k/vGaX4/Yla3WzyMCvTQOXYeIHvqOKtnqBduzTHpzpQZzAskKMhZ2K+EnBiSM9zGSoIFeMpXKxa4dYeZIQqewQ==

"js-tokens@^3.0.0 || ^4.0.0":
  version "4.0.0"
  resolved "https://registry.npmjs.org/js-tokens/-/js-tokens-4.0.0.tgz"
  integrity sha512-RdJUflcE3cUzKiMqQgsCu06FPu9UdIJO0beYbPhHN4k6apgJtifcoCtT9bcxOpYBtpD2kCM6Sbzg4CausW/PKQ==

lodash@^4.17.21:
  version "4.17.21"
  resolved "https://registry.npmjs.org/lodash/-/lodash-4.17.21.tgz"
  integrity sha512-v2kDEe57lecTulaDIuNTPy3Ry4gLGJ6Z1O3vE1krgXZNrsQ+LFTGHVxVjcXPs17LhbZVGedAJv8XZ1tvj5FvSg==

loose-envify@^1.1.0, loose-envify@^1.4.0:
  version "1.4.0"
  resolved "https://registry.npmjs.org/loose-envify/-/loose-envify-1.4.0.tgz"
  integrity sha512-lyuxPGr/Wfhrlem2CL/UcnUc1zcqKAImBDzukY7Y5F/yQiNdko6+fRLevlw1HgMySw7f611UIY408EtxRSoK3Q==
  dependencies:
    js-tokens "^3.0.0 || ^4.0.0"

memoize-one@^5.2.1, "memoize-one@>=3.1.1 <6":
  version "5.2.1"
  resolved "https://registry.npmjs.org/memoize-one/-/memoize-one-5.2.1.tgz"
  integrity sha512-zYiwtZUcYyXKo/np96AGZAckk+FWWsUdJ3cHGGmld7+AhvcWmQyGCYUh1hc4Q/pkOhb65dQR/pqCyK0cOaHz4Q==

minimatch@^3.1.1:
  version "3.1.2"
  resolved "https://registry.npmjs.org/minimatch/-/minimatch-3.1.2.tgz"
  integrity sha512-J7p63hRiAjw1NDEww1W7i37+ByIrOWO5XQQAzZ3VOcL0PNybwpfmV/N05zFAzwQ9USyEcX6t3UO+K5aqBQOIHw==
  dependencies:
    brace-expansion "^1.1.7"

object-assign@^4.1.1:
  version "4.1.1"
  resolved "https://registry.npmjs.org/object-assign/-/object-assign-4.1.1.tgz"
  integrity sha512-rJgTQnkUnH1sFw8yT6VSU3zD3sWmu6sZhIseY8VX+GRu3P6F7Fu+JNDoXfklElbLJSnc3FUQHVe4cU5hj+BcUg==

once@^1.3.0:
  version "1.4.0"
  resolved "https://registry.npmjs.org/once/-/once-1.4.0.tgz"
  integrity sha512-lNaJgI+2Q5URQBkccEKHTQOPaXdUxnZZElQTZY0MFUAuaEqe1E+Nyvgdz/aIyNi6Z9MzO5dv1H8n58/GELp3+w==
  dependencies:
    wrappy "1"

path-is-absolute@^1.0.0:
  version "1.0.1"
  resolved "https://registry.npmjs.org/path-is-absolute/-/path-is-absolute-1.0.1.tgz"
  integrity sha512-AVbw3UJ2e9bq64vSaS9Am0fje1Pa8pbGqTTsmXfaIiMpnr5DlDhfJOuLj9Sf95ZPVDAUerDfEk88MPmPe7UCQg==

prop-types@^15.7.2, prop-types@^15.8.1, prop-types@15.x:
  version "15.8.1"
  resolved "https://registry.npmjs.org/prop-types/-/prop-types-15.8.1.tgz"
  integrity sha512-oj87CgZICdulUohogVAR7AjlC0327U4el4L6eAvOqCeudMDVU0NThNaV+b9Df4dXgSP1gXMTnPdhfe/2qDH5cg==
  dependencies:
    loose-envify "^1.4.0"
    object-assign "^4.1.1"
    react-is "^16.13.1"

"react-dom@^15.0.0 || ^16.0.0 || ^17.0.0 || ^18.0.0", "react-dom@>= 16.3.0", react-dom@>=16, react-dom@>=16.0.0, react-dom@>=16.8.0:
  version "18.2.0"
  resolved "https://registry.npmjs.org/react-dom/-/react-dom-18.2.0.tgz"
  integrity sha512-6IMTriUmvsjHUjNtEDudZfuDQUoWXVxKHhlEGSk81n4YFS+r/Kl99wXiwlVXtPBtJenozv2P+hxDsw9eA7Xo6g==
  dependencies:
    loose-envify "^1.1.0"
    scheduler "^0.23.0"

react-draggable@^4.0.3:
  version "4.4.6"
  resolved "https://registry.npmjs.org/react-draggable/-/react-draggable-4.4.6.tgz"
  integrity sha512-LtY5Xw1zTPqHkVmtM3X8MUOxNDOUhv/khTgBgrUvwaS064bwVvxT+q5El0uUFNx5IEPKXuRejr7UqLwBIg5pdw==
  dependencies:
    clsx "^1.1.1"
    prop-types "^15.8.1"

react-is@^16.13.1:
  version "16.13.1"
  resolved "https://registry.npmjs.org/react-is/-/react-is-16.13.1.tgz"
  integrity sha512-24e6ynE2H+OKt4kqsOvNd8kBpV65zoxbA4BVsEOB3ARVWQki/DHzaUoC5KuON/BiccDaCCTZBuOcfZs70kR8bQ==

react-resizable@^3.0.5:
  version "3.0.5"
  resolved "https://registry.npmjs.org/react-resizable/-/react-resizable-3.0.5.tgz"
  integrity sha512-vKpeHhI5OZvYn82kXOs1bC8aOXktGU5AmKAgaZS4F5JPburCtbmDPqE7Pzp+1kN4+Wb81LlF33VpGwWwtXem+w==
  dependencies:
    prop-types "15.x"
    react-draggable "^4.0.3"

react-window@^1.8.2:
  version "1.8.10"
  resolved "https://registry.npmjs.org/react-window/-/react-window-1.8.10.tgz"
  integrity sha512-Y0Cx+dnU6NLa5/EvoHukUD0BklJ8qITCtVEPY1C/nL8wwoZ0b5aEw8Ff1dOVHw7fCzMt55XfJDd8S8W8LCaUCg==
  dependencies:
    "@babel/runtime" "^7.0.0"
    memoize-one ">=3.1.1 <6"

"react@^15.0.0 || ^16.0.0 || ^17.0.0 || ^18.0.0", "react@^16.8.0 || ^17.0.0 || ^18.0.0", react@^18.2.0, "react@>= 16.3", "react@>= 16.3.0", react@>=16, react@>=16.0.0, react@>=16.8.0:
  version "18.2.0"
  resolved "https://registry.npmjs.org/react/-/react-18.2.0.tgz"
  integrity sha512-/3IjMdb2L9QbBdWiW5e3P2/npwMBaU9mHCSCUzNln0ZCYbcfTsGbTJrU/kGemdH2IWmB2ioZ+zkxtmq6g09fGQ==
  dependencies:
    loose-envify "^1.1.0"

regenerator-runtime@^0.14.0:
  version "0.14.1"
  resolved "https://registry.npmjs.org/regenerator-runtime/-/regenerator-runtime-0.14.1.tgz"
  integrity sha512-dYnhHh0nJoMfnkZs6GmmhFknAGRrLznOu5nc9ML+EJxGvrx6H7teuevqVqCuPcPK//3eDrrjQhehXVx9cnkGdw==

resize-observer-polyfill@^1.5.1:
  version "1.5.1"
  resolved "https://registry.npmjs.org/resize-observer-polyfill/-/resize-observer-polyfill-1.5.1.tgz"
  integrity sha512-LwZrotdHOo12nQuZlHEmtuXdqGoOD0OhaxopaNFxWzInpEgaLWoVuAMbTzixuosCx2nEG58ngzW3vxdWoxIgdg==

scheduler@^0.23.0:
  version "0.23.0"
  resolved "https://registry.npmjs.org/scheduler/-/scheduler-0.23.0.tgz"
  integrity sha512-CtuThmgHNg7zIZWAXi3AsyIzA3n4xx7aNyjwC2VJldO2LMVDhFK+63xGqq6CsJH4rTAt6/M+N4GhZiDYPx9eUw==
  dependencies:
    loose-envify "^1.1.0"

scroll-into-view-if-needed@^2.2.24:
  version "2.2.31"
  resolved "https://registry.npmjs.org/scroll-into-view-if-needed/-/scroll-into-view-if-needed-2.2.31.tgz"
  integrity sha512-dGCXy99wZQivjmjIqihaBQNjryrz5rueJY7eHfTdyWEiR4ttYpsajb14rn9s5d4DY4EcY6+4+U/maARBXJedkA==
  dependencies:
    compute-scroll-into-view "^1.0.20"

tslib@^2.0.0:
  version "2.6.2"
  resolved "https://registry.npmjs.org/tslib/-/tslib-2.6.2.tgz"
  integrity sha512-AEYxH93jGFPn/a2iVAwW87VuUIkR1FVUKB77NwMF7nBTDkDrrT/Hpt/IrCJ0QXhW27jTBDcf5ZY7w6RiqTMw2Q==

utility-types@^3.10.0:
  version "3.10.0"
  resolved "https://registry.npmjs.org/utility-types/-/utility-types-3.10.0.tgz"
  integrity sha512-O11mqxmi7wMKCo6HKFt5AhO4BwY3VV68YU07tgxfz8zJTIxr4BpsezN49Ffwy9j3ZpwwJp4fkRwjRzq3uWE6Rg==

wrappy@1:
  version "1.0.2"
  resolved "https://registry.npmjs.org/wrappy/-/wrappy-1.0.2.tgz"
  integrity sha512-l4Sp/DRseor9wL6EvV2+TuQn63dMkPjZ/sp9XkghTEbV9KlPS1xUsZ3u7/IQO4wxtcFB4bgpQPRcR3QCvezPcQ==
